
Microsoft Visual Studio Solution File, Format Version 9.00
# Visual Studio 2005
Project("{F184B08F-C81C-45F6-A57F-5ABD9991F28F}") = "SalesmanBudget", "SalesmanBudget\SalesmanBudget.vbproj", "{253FF1A2-BFD9-47B3-BB6B-B74CEA28B352}"
EndProject
Global
	GlobalSection(SolutionConfigurationPlatforms) = preSolution
		Debug|Any CPU = Debug|Any CPU
		Release|Any CPU = Release|Any CPU
	EndGlobalSection
	GlobalSection(ProjectConfigurationPlatforms) = postSolution
		{253FF1A2-BFD9-47B3-BB6B-B74CEA28B352}.Debug|Any CPU.ActiveCfg = Debug|Any CPU
		{253FF1A2-BFD9-47B3-BB6B-B74CEA28B352}.Debug|Any CPU.Build.0 = Debug|Any CPU
		{253FF1A2-BFD9-47B3-BB6B-B74CEA28B352}.Release|Any CPU.ActiveCfg = Release|Any CPU
		{253FF1A2-BFD9-47B3-BB6B-B74CEA28B352}.Release|Any CPU.Build.0 = Release|Any CPU
	EndGlobalSection
	GlobalSection(SolutionProperties) = preSolution
		HideSolutionNode = FALSE
	EndGlobalSection
EndGlobal
